
Microsoft Visual Studio Solution File, Format Version 12.00
# Visual Studio 15
VisualStudioVersion = 15.0.27004.2009
MinimumVisualStudioVersion = 10.0.40219.1
Project("{FAE04EC0-301F-11D3-BF4B-00C04F79EFBC}") = "MediaPlayer", "MediaPlayer\MediaPlayer.csproj", "{D673D82A-E13F-4C77-8607-394915357C2C}"
EndProject
Global
	GlobalSection(SolutionConfigurationPlatforms) = preSolution
		Debug|Any CPU = Debug|Any CPU
		Release|Any CPU = Release|Any CPU
	EndGlobalSection
	GlobalSection(ProjectConfigurationPlatforms) = postSolution
		{D673D82A-E13F-4C77-8607-394915357C2C}.Debug|Any CPU.ActiveCfg = Debug|Any CPU
		{D673D82A-E13F-4C77-8607-394915357C2C}.Debug|Any CPU.Build.0 = Debug|Any CPU
		{D673D82A-E13F-4C77-8607-394915357C2C}.Release|Any CPU.ActiveCfg = Release|Any CPU
		{D673D82A-E13F-4C77-8607-394915357C2C}.Release|Any CPU.Build.0 = Release|Any CPU
	EndGlobalSection
	GlobalSection(SolutionProperties) = preSolution
		HideSolutionNode = FALSE
	EndGlobalSection
	GlobalSection(ExtensibilityGlobals) = postSolution
		SolutionGuid = {1E1A15CD-BD55-4F5A-841B-D0892727A991}
	EndGlobalSection
EndGlobal
